// !$*UTF8*$!
{
	archiveVersion = 1;
	classes = {
	};
	objectVersion = 50;
	objects = {

/* Begin PBXBuildFile section */
		DD4C272126F8B37A00BF3636 /* AppDelegate.swift in Sources */ = {isa = PBXBuildFile; fileRef = DD4C272026F8B37A00BF3636 /* AppDelegate.swift */; };
		DD4C272326F8B37A00BF3636 /* SceneDelegate.swift in Sources */ = {isa = PBXBuildFile; fileRef = DD4C272226F8B37A00BF3636 /* SceneDelegate.swift */; };
		DD4C272526F8B37A00BF3636 /* ViewController.swift in Sources */ = {isa = PBXBuildFile; fileRef = DD4C272426F8B37A00BF3636 /* ViewController.swift */; };
		DD4C272826F8B37A00BF3636 /* Main.storyboard in Resources */ = {isa = PBXBuildFile; fileRef = DD4C272626F8B37A00BF3636 /* Main.storyboard */; };
		DD4C272A26F8B37C00BF3636 /* Assets.xcassets in Resources */ = {isa = PBXBuildFile; fileRef = DD4C272926F8B37C00BF3636 /* Assets.xcassets */; };
		DD4C272D26F8B37C00BF3636 /* LaunchScreen.storyboard in Resources */ = {isa = PBXBuildFile; fileRef = DD4C272B26F8B37C00BF3636 /* LaunchScreen.storyboard */; };
/* End PBXBuildFile section */

/* Begin PBXFileReference section */
		DD4C271D26F8B37A00BF3636 /* MVVM-Binding.app */ = {isa = PBXFileReference; explicitFileType = wrapper.application; includeInIndex = 0; path = "MVVM-Binding.app"; sourceTree = BUILT_PRODUCTS_DIR; };
		DD4C272026F8B37A00BF3636 /* AppDelegate.swift */ = {isa = PBXFileReference; lastKnownFileType = sourcecode.swift; path = AppDelegate.swift; sourceTree = "<group>"; };
		DD4C272226F8B37A00BF3636 /* SceneDelegate.swift */ = {isa = PBXFileReference; lastKnownFileType = sourcecode.swift; path = SceneDelegate.swift; sourceTree = "<group>"; };
		DD4C272426F8B37A00BF3636 /* ViewController.swift */ = {isa = PBXFileReference; lastKnownFileType = sourcecode.swift; path = ViewController.swift; sourceTree = "<group>"; };
		DD4C272726F8B37A00BF3636 /* Base */ = {isa = PBXFileReference; lastKnownFileType = file.storyboard; name = Base; path = Base.lproj/Main.storyboard; sourceTree = "<group>"; };
		DD4C272926F8B37C00BF3636 /* Assets.xcassets */ = {isa = PBXFileReference; lastKnownFileType = folder.assetcatalog; path = Assets.xcassets; sourceTree = "<group>"; };
		DD4C272C26F8B37C00BF3636 /* Base */ = {isa = PBXFileReference; lastKnownFileType = file.storyboard; name = Base; path = Base.lproj/LaunchScreen.storyboard; sourceTree = "<group>"; };
		DD4C272E26F8B37C00BF3636 /* Info.plist */ = {isa = PBXFileReference; lastKnownFileType = text.plist.xml; path = Info.plist; sourceTree = "<group>"; };
/* End PBXFileReference section */

/* Begin PBXFrameworksBuildPhase section */
		DD4C271A26F8B37A00BF3636 /* Frameworks */ = {
			isa = PBXFrameworksBuildPhase;
			buildActionMask = 2147483647;
			files = (
			);
			runOnlyForDeploymentPostprocessing = 0;
		};
/* End PBXFrameworksBuildPhase section */

/* Begin PBXGroup section */
		DD4C271426F8B37A00BF3636 = {
			isa = PBXGroup;
			children = (
				DD4C271F26F8B37A00BF3636 /* MVVM-Binding */,
				DD4C271E26F8B37A00BF3636 /* Products */,
			);
			sourceTree = "<group>";
		};
		DD4C271E26F8B37A00BF3636 /* Products */ = {
			isa = PBXGroup;
			children = (
				DD4C271D26F8B37A00BF3636 /* MVVM-Binding.app */,
			);
			name = Products;
			sourceTree = "<group>";
		};
		DD4C271F26F8B37A00BF3636 /* MVVM-Binding */ = {
			isa = PBXGroup;
			children = (
				DD4C272026F8B37A00BF3636 /* AppDelegate.swift */,
				DD4C272226F8B37A00BF3636 /* SceneDelegate.swift */,
				DD4C272426F8B37A00BF3636 /* ViewController.swift */,
				DD4C272626F8B37A00BF3636 /* Main.storyboard */,
				DD4C272926F8B37C00BF3636 /* Assets.xcassets */,
				DD4C272B26F8B37C00BF3636 /* LaunchScreen.storyboard */,
				DD4C272E26F8B37C00BF3636 /* Info.plist */,
			);
			path = "MVVM-Binding";
			sourceTree = "<group>";
		};
/* End PBXGroup section */

/* Begin PBXNativeTarget section */
		DD4C271C26F8B37A00BF3636 /* MVVM-Binding */ = {
			isa = PBXNativeTarget;
			buildConfigurationList = DD4C273126F8B37C00BF3636 /* Build configuration list for PBXNativeTarget "MVVM-Binding" */;
			buildPhases = (
				DD4C271926F8B37A00BF3636 /* Sources */,
				DD4C271A26F8B37A00BF3636 /* Frameworks */,
				DD4C271B26F8B37A00BF3636 /* Resources */,
			);
			buildRules = (
			);
			dependencies = (
			);
			name = "MVVM-Binding";
			productName = "MVVM-Binding";
			productReference = DD4C271D26F8B37A00BF3636 /* MVVM-Binding.app */;
			productType = "com.apple.product-type.application";
		};
/* End PBXNativeTarget section */

/* Begin PBXProject section */
		DD4C271526F8B37A00BF3636 /* Project object */ = {
			isa = PBXProject;
			attributes = {
				LastSwiftUpdateCheck = 1240;
				LastUpgradeCheck = 1240;
				TargetAttributes = {
					DD4C271C26F8B37A00BF3636 = {
						CreatedOnToolsVersion = 12.4;
					};
				};
			};
			buildConfigurationList = DD4C271826F8B37A00BF3636 /* Build configuration list for PBXProject "MVVM-Binding" */;
			compatibilityVersion = "Xcode 9.3";
			developmentRegion = en;
			hasScannedForEncodings = 0;
			knownRegions = (
				en,
				Base,
			);
			mainGroup = DD4C271426F8B37A00BF3636;
			productRefGroup = DD4C271E26F8B37A00BF3636 /* Products */;
			projectDirPath = "";
			projectRoot = "";
			targets = (
				DD4C271C26F8B37A00BF3636 /* MVVM-Binding */,
			);
		};
/* End PBXProject section */

/* Begin PBXResourcesBuildPhase section */
		DD4C271B26F8B37A00BF3636 /* Resources */ = {
			isa = PBXResourcesBuildPhase;
			buildActionMask = 2147483647;
			files = (
				DD4C272D26F8B37C00BF3636 /* LaunchScreen.storyboard in Resources */,
				DD4C272A26F8B37C00BF3636 /* Assets.xcassets in Resources */,
				DD4C272826F8B37A00BF3636 /* Main.storyboard in Resources */,
			);
			runOnlyForDeploymentPostprocessing = 0;
		};
/* End PBXResourcesBuildPhase section */

/* Begin PBXSourcesBuildPhase section */
		DD4C271926F8B37A00BF3636 /* Sources */ = {
			isa = PBXSourcesBuildPhase;
			buildActionMask = 2147483647;
			files = (
				DD4C272526F8B37A00BF3636 /* ViewController.swift in Sources */,
				DD4C272126F8B37A00BF3636 /* AppDelegate.swift in Sources */,
				DD4C272326F8B37A00BF3636 /* SceneDelegate.swift in Sources */,
			);
			runOnlyForDeploymentPostprocessing = 0;
		};
/* End PBXSourcesBuildPhase section */

/* Begin PBXVariantGroup section */
		DD4C272626F8B37A00BF3636 /* Main.storyboard */ = {
			isa = PBXVariantGroup;
			children = (
				DD4C272726F8B37A00BF3636 /* Base */,
			);
			name = Main.storyboard;
			sourceTree = "<group>";
		};
		DD4C272B26F8B37C00BF3636 /* LaunchScreen.storyboard */ = {
			isa = PBXVariantGroup;
			children = (
				DD4C272C26F8B37C00BF3636 /* Base */,
			);
			name = LaunchScreen.storyboard;
			sourceTree = "<group>";
		};
/* End PBXVariantGroup section */

/* Begin XCBuildConfiguration section */
		DD4C272F26F8B37C00BF3636 /* Debug */ = {
			isa = XCBuildConfiguration;
			buildSettings = {
				ALWAYS_SEARCH_USER_PATHS = NO;
				CLANG_ANALYZER_NONNULL = YES;
				CLANG_ANALYZER_NUMBER_OBJECT_CONVERSION = YES_AGGRESSIVE;
				CLANG_CXX_LANGUAGE_STANDARD = "gnu++14";
				CLANG_CXX_LIBRARY = "libc++";
				CLANG_ENABLE_MODULES = YES;
				CLANG_ENABLE_OBJC_ARC = YES;
				CLANG_ENABLE_OBJC_WEAK = YES;
				CLANG_WARN_BLOCK_CAPTURE_AUTORELEASING = YES;
				CLANG_WARN_BOOL_CONVERSION = YES;
				CLANG_WARN_COMMA = YES;
				CLANG_WARN_CONSTANT_CONVERSION = YES;
				CLANG_WARN_DEPRECATED_OBJC_IMPLEMENTATIONS = YES;
				CLANG_WARN_DIRECT_OBJC_ISA_USAGE = YES_ERROR;
				CLANG_WARN_DOCUMENTATION_COMMENTS = YES;
				CLANG_WARN_EMPTY_BODY = YES;
				CLANG_WARN_ENUM_CONVERSION = YES;
				CLANG_WARN_INFINITE_RECURSION = YES;
				CLANG_WARN_INT_CONVERSION = YES;
				CLANG_WARN_NON_LITERAL_NULL_CONVERSION = YES;
				CLANG_WARN_OBJC_IMPLICIT_RETAIN_SELF = YES;
				CLANG_WARN_OBJC_LITERAL_CONVERSION = YES;
				CLANG_WARN_OBJC_ROOT_CLASS = YES_ERROR;
				CLANG_WARN_QUOTED_INCLUDE_IN_FRAMEWORK_HEADER = YES;
				CLANG_WARN_RANGE_LOOP_ANALYSIS = YES;
				CLANG_WARN_STRICT_PROTOTYPES = YES;
				CLANG_WARN_SUSPICIOUS_MOVE = YES;
				CLANG_WARN_UNGUARDED_AVAILABILITY = YES_AGGRESSIVE;
				CLANG_WARN_UNREACHABLE_CODE = YES;
				CLANG_WARN__DUPLICATE_METHOD_MATCH = YES;
				COPY_PHASE_STRIP = NO;
				DEBUG_INFORMATION_FORMAT = dwarf;
				ENABLE_STRICT_OBJC_MSGSEND = YES;
				ENABLE_TESTABILITY = YES;
				GCC_C_LANGUAGE_STANDARD = gnu11;
				GCC_DYNAMIC_NO_PIC = NO;
				GCC_NO_COMMON_BLOCKS = YES;
				GCC_OPTIMIZATION_LEVEL = 0;
				GCC_PREPROCESSOR_DEFINITIONS = (
					"DEBUG=1",
					"$(inherited)",
				);
				GCC_WARN_64_TO_32_BIT_CONVERSION = YES;
				GCC_WARN_ABOUT_RETURN_TYPE = YES_ERROR;
				GCC_WARN_UNDECLARED_SELECTOR = YES;
				GCC_WARN_UNINITIALIZED_AUTOS = YES_AGGRESSIVE;
				GCC_WARN_UNUSED_FUNCTION = YES;
				GCC_WARN_UNUSED_VARIABLE = YES;
				IPHONEOS_DEPLOYMENT_TARGET = 14.4;
				MTL_ENABLE_DEBUG_INFO = INCLUDE_SOURCE;
				MTL_FAST_MATH = YES;
				ONLY_ACTIVE_ARCH = YES;
				SDKROOT = iphoneos;
				SWIFT_ACTIVE_COMPILATION_CONDITIONS = DEBUG;
				SWIFT_OPTIMIZATION_LEVEL = "-Onone";
			};
			name = Debug;
		};
		DD4C273026F8B37C00BF3636 /* Release */ = {
			isa = XCBuildConfiguration;
			buildSettings = {
				ALWAYS_SEARCH_USER_PATHS = NO;
				CLANG_ANALYZER_NONNULL = YES;
				CLANG_ANALYZER_NUMBER_OBJECT_CONVERSION = YES_AGGRESSIVE;
				CLANG_CXX_LANGUAGE_STANDARD = "gnu++14";
				CLANG_CXX_LIBRARY = "libc++";
				CLANG_ENABLE_MODULES = YES;
				CLANG_ENABLE_OBJC_ARC = YES;
				CLANG_ENABLE_OBJC_WEAK = YES;
				CLANG_WARN_BLOCK_CAPTURE_AUTORELEASING = YES;
				CLANG_WARN_BOOL_CONVERSION = YES;
				CLANG_WARN_COMMA = YES;
				CLANG_WARN_CONSTANT_CONVERSION = YES;
				CLANG_WARN_DEPRECATED_OBJC_IMPLEMENTATIONS = YES;
				CLANG_WARN_DIRECT_OBJC_ISA_USAGE = YES_ERROR;
				CLANG_WARN_DOCUMENTATION_COMMENTS = YES;
				CLANG_WARN_EMPTY_BODY = YES;
				CLANG_WARN_ENUM_CONVERSION = YES;
				CLANG_WARN_INFINITE_RECURSION = YES;
				CLANG_WARN_INT_CONVERSION = YES;
				CLANG_WARN_NON_LITERAL_NULL_CONVERSION = YES;
				CLANG_WARN_OBJC_IMPLICIT_RETAIN_SELF = YES;
				CLANG_WARN_OBJC_LITERAL_CONVERSION = YES;
				CLANG_WARN_OBJC_ROOT_CLASS = YES_ERROR;
				CLANG_WARN_QUOTED_INCLUDE_IN_FRAMEWORK_HEADER = YES;
				CLANG_WARN_RANGE_LOOP_ANALYSIS = YES;
				CLANG_WARN_STRICT_PROTOTYPES = YES;
				CLANG_WARN_SUSPICIOUS_MOVE = YES;
				CLANG_WARN_UNGUARDED_AVAILABILITY = YES_AGGRESSIVE;
				CLANG_WARN_UNREACHABLE_CODE = YES;
				CLANG_WARN__DUPLICATE_METHOD_MATCH = YES;
				COPY_PHASE_STRIP = NO;
				DEBUG_INFORMATION_FORMAT = "dwarf-with-dsym";
				ENABLE_NS_ASSERTIONS = NO;
				ENABLE_STRICT_OBJC_MSGSEND = YES;
				GCC_C_LANGUAGE_STANDARD = gnu11;
				GCC_NO_COMMON_BLOCKS = YES;
				GCC_WARN_64_TO_32_BIT_CONVERSION = YES;
				GCC_WARN_ABOUT_RETURN_TYPE = YES_ERROR;
				GCC_WARN_UNDECLARED_SELECTOR = YES;
				GCC_WARN_UNINITIALIZED_AUTOS = YES_AGGRESSIVE;
				GCC_WARN_UNUSED_FUNCTION = YES;
				GCC_WARN_UNUSED_VARIABLE = YES;
				IPHONEOS_DEPLOYMENT_TARGET = 14.4;
				MTL_ENABLE_DEBUG_INFO = NO;
				MTL_FAST_MATH = YES;
				SDKROOT = iphoneos;
				SWIFT_COMPILATION_MODE = wholemodule;
				SWIFT_OPTIMIZATION_LEVEL = "-O";
				VALIDATE_PRODUCT = YES;
			};
			name = Release;
		};
		DD4C273226F8B37C00BF3636 /* Debug */ = {
			isa = XCBuildConfiguration;
			buildSettings = {
				ASSETCATALOG_COMPILER_APPICON_NAME = AppIcon;
				ASSETCATALOG_COMPILER_GLOBAL_ACCENT_COLOR_NAME = AccentColor;
				CODE_SIGN_STYLE = Automatic;
				DEVELOPMENT_TEAM = 543GPX2H7J;
				INFOPLIST_FILE = "MVVM-Binding/Info.plist";
				LD_RUNPATH_SEARCH_PATHS = (
					"$(inherited)",
					"@executable_path/Frameworks",
				);
				PRODUCT_BUNDLE_IDENTIFIER = "com.myCompany.MVVM-Binding";
				PRODUCT_NAME = "$(TARGET_NAME)";
				SWIFT_VERSION = 5.0;
				TARGETED_DEVICE_FAMILY = "1,2";
			};
			name = Debug;
		};
		DD4C273326F8B37C00BF3636 /* Release */ = {
			isa = XCBuildConfiguration;
			buildSettings = {
				ASSETCATALOG_COMPILER_APPICON_NAME = AppIcon;
				ASSETCATALOG_COMPILER_GLOBAL_ACCENT_COLOR_NAME = AccentColor;
				CODE_SIGN_STYLE = Automatic;
				DEVELOPMENT_TEAM = 543GPX2H7J;
				INFOPLIST_FILE = "MVVM-Binding/Info.plist";
				LD_RUNPATH_SEARCH_PATHS = (
					"$(inherited)",
					"@executable_path/Frameworks",
				);
				PRODUCT_BUNDLE_IDENTIFIER = "com.myCompany.MVVM-Binding";
				PRODUCT_NAME = "$(TARGET_NAME)";
				SWIFT_VERSION = 5.0;
				TARGETED_DEVICE_FAMILY = "1,2";
			};
			name = Release;
		};
/* End XCBuildConfiguration section */

/* Begin XCConfigurationList section */
		DD4C271826F8B37A00BF3636 /* Build configuration list for PBXProject "MVVM-Binding" */ = {
			isa = XCConfigurationList;
			buildConfigurations = (
				DD4C272F26F8B37C00BF3636 /* Debug */,
				DD4C273026F8B37C00BF3636 /* Release */,
			);
			defaultConfigurationIsVisible = 0;
			defaultConfigurationName = Release;
		};
		DD4C273126F8B37C00BF3636 /* Build configuration list for PBXNativeTarget "MVVM-Binding" */ = {
			isa = XCConfigurationList;
			buildConfigurations = (
				DD4C273226F8B37C00BF3636 /* Debug */,
				DD4C273326F8B37C00BF3636 /* Release */,
			);
			defaultConfigurationIsVisible = 0;
			defaultConfigurationName = Release;
		};
/* End XCConfigurationList section */
	};
	rootObject = DD4C271526F8B37A00BF3636 /* Project object */;
}
